
Microsoft Visual Studio Solution File, Format Version 12.00
# Visual Studio 15
VisualStudioVersion = 15.0.28307.136
MinimumVisualStudioVersion = 10.0.40219.1
Project("{FAE04EC0-301F-11D3-BF4B-00C04F79EFBC}") = "CSVParser", "CSVParser\CSVParser.csproj", "{B420EB31-75E1-4006-B591-E134C4F35627}"
EndProject
Global
	GlobalSection(SolutionConfigurationPlatforms) = preSolution
		Debug|Any CPU = Debug|Any CPU
		Release|Any CPU = Release|Any CPU
	EndGlobalSection
	GlobalSection(ProjectConfigurationPlatforms) = postSolution
		{B420EB31-75E1-4006-B591-E134C4F35627}.Debug|Any CPU.ActiveCfg = Debug|Any CPU
		{B420EB31-75E1-4006-B591-E134C4F35627}.Debug|Any CPU.Build.0 = Debug|Any CPU
		{B420EB31-75E1-4006-B591-E134C4F35627}.Release|Any CPU.ActiveCfg = Release|Any CPU
		{B420EB31-75E1-4006-B591-E134C4F35627}.Release|Any CPU.Build.0 = Release|Any CPU
	EndGlobalSection
	GlobalSection(SolutionProperties) = preSolution
		HideSolutionNode = FALSE
	EndGlobalSection
	GlobalSection(ExtensibilityGlobals) = postSolution
		SolutionGuid = {A3AA0746-E01E-47F0-95B6-451F071D1CF6}
	EndGlobalSection
EndGlobal
